
Microsoft Visual Studio Solution File, Format Version 12.00
# Visual Studio Version 17
VisualStudioVersion = 17.7.34221.43
MinimumVisualStudioVersion = 10.0.40219.1
Project("{FAE04EC0-301F-11D3-BF4B-00C04F79EFBC}") = "RSA Security System", "RSA Security System.csproj", "{68D1F4DE-3DB1-4177-8411-17653C17EB2F}"
EndProject
Global
	GlobalSection(SolutionConfigurationPlatforms) = preSolution
		Debug|Any CPU = Debug|Any CPU
		Release|Any CPU = Release|Any CPU
	EndGlobalSection
	GlobalSection(ProjectConfigurationPlatforms) = postSolution
		{68D1F4DE-3DB1-4177-8411-17653C17EB2F}.Debug|Any CPU.ActiveCfg = Debug|Any CPU
		{68D1F4DE-3DB1-4177-8411-17653C17EB2F}.Debug|Any CPU.Build.0 = Debug|Any CPU
		{68D1F4DE-3DB1-4177-8411-17653C17EB2F}.Release|Any CPU.ActiveCfg = Release|Any CPU
		{68D1F4DE-3DB1-4177-8411-17653C17EB2F}.Release|Any CPU.Build.0 = Release|Any CPU
	EndGlobalSection
	GlobalSection(SolutionProperties) = preSolution
		HideSolutionNode = FALSE
	EndGlobalSection
	GlobalSection(ExtensibilityGlobals) = postSolution
		SolutionGuid = {FBAF8CF8-DC21-40BA-AAA8-D15404FFE485}
	EndGlobalSection
EndGlobal
